
Microsoft Visual Studio Solution File, Format Version 12.00
# Visual Studio Version 17
VisualStudioVersion = 17.6.33829.357
MinimumVisualStudioVersion = 10.0.40219.1
Project("{9A19103F-16F7-4668-BE54-9A1E7A4F7556}") = "SkillProfiWeb", "SkillProfiWeb\SkillProfiWeb.csproj", "{D45921CC-9CF7-4A33-9E20-C5DD10C8D7B5}"
EndProject
Project("{9A19103F-16F7-4668-BE54-9A1E7A4F7556}") = "SkillProfiWebApi", "SkillProfiWebApi\SkillProfiWebApi.csproj", "{ED3B28E4-C256-4CBE-BE45-C53116C244C7}"
EndProject
Project("{9A19103F-16F7-4668-BE54-9A1E7A4F7556}") = "SkillProfi.DAL", "SkillProfi.DAL\SkillProfi.DAL.csproj", "{AE7ADBAA-2EB1-4510-A71E-BE8CA0792AA9}"
EndProject
Project("{FAE04EC0-301F-11D3-BF4B-00C04F79EFBC}") = "SkillProfi.Desktop", "SkillProfi.Desktop\SkillProfi.Desktop.csproj", "{E25E7F22-2013-4E8F-ACE6-BF5D9496E027}"
EndProject
Global
	GlobalSection(SolutionConfigurationPlatforms) = preSolution
		Debug|Any CPU = Debug|Any CPU
		Release|Any CPU = Release|Any CPU
	EndGlobalSection
	GlobalSection(ProjectConfigurationPlatforms) = postSolution
		{D45921CC-9CF7-4A33-9E20-C5DD10C8D7B5}.Debug|Any CPU.ActiveCfg = Debug|Any CPU
		{D45921CC-9CF7-4A33-9E20-C5DD10C8D7B5}.Debug|Any CPU.Build.0 = Debug|Any CPU
		{D45921CC-9CF7-4A33-9E20-C5DD10C8D7B5}.Release|Any CPU.ActiveCfg = Release|Any CPU
		{D45921CC-9CF7-4A33-9E20-C5DD10C8D7B5}.Release|Any CPU.Build.0 = Release|Any CPU
		{ED3B28E4-C256-4CBE-BE45-C53116C244C7}.Debug|Any CPU.ActiveCfg = Debug|Any CPU
		{ED3B28E4-C256-4CBE-BE45-C53116C244C7}.Debug|Any CPU.Build.0 = Debug|Any CPU
		{ED3B28E4-C256-4CBE-BE45-C53116C244C7}.Release|Any CPU.ActiveCfg = Release|Any CPU
		{ED3B28E4-C256-4CBE-BE45-C53116C244C7}.Release|Any CPU.Build.0 = Release|Any CPU
		{AE7ADBAA-2EB1-4510-A71E-BE8CA0792AA9}.Debug|Any CPU.ActiveCfg = Debug|Any CPU
		{AE7ADBAA-2EB1-4510-A71E-BE8CA0792AA9}.Debug|Any CPU.Build.0 = Debug|Any CPU
		{AE7ADBAA-2EB1-4510-A71E-BE8CA0792AA9}.Release|Any CPU.ActiveCfg = Release|Any CPU
		{AE7ADBAA-2EB1-4510-A71E-BE8CA0792AA9}.Release|Any CPU.Build.0 = Release|Any CPU
		{E25E7F22-2013-4E8F-ACE6-BF5D9496E027}.Debug|Any CPU.ActiveCfg = Debug|Any CPU
		{E25E7F22-2013-4E8F-ACE6-BF5D9496E027}.Debug|Any CPU.Build.0 = Debug|Any CPU
		{E25E7F22-2013-4E8F-ACE6-BF5D9496E027}.Release|Any CPU.ActiveCfg = Release|Any CPU
		{E25E7F22-2013-4E8F-ACE6-BF5D9496E027}.Release|Any CPU.Build.0 = Release|Any CPU
	EndGlobalSection
	GlobalSection(SolutionProperties) = preSolution
		HideSolutionNode = FALSE
	EndGlobalSection
	GlobalSection(ExtensibilityGlobals) = postSolution
		SolutionGuid = {7D2D0435-30BC-439E-BB83-A9708DD8F21E}
	EndGlobalSection
EndGlobal
