
Microsoft Visual Studio Solution File, Format Version 12.00
# Visual Studio Version 17
VisualStudioVersion = 17.6.33829.357
MinimumVisualStudioVersion = 10.0.40219.1
Project("{FAE04EC0-301F-11D3-BF4B-00C04F79EFBC}") = "SkillProfiWeb", "SkillProfiWeb\SkillProfiWeb.csproj", "{D45921CC-9CF7-4A33-9E20-C5DD10C8D7B5}"
EndProject
Global
	GlobalSection(SolutionConfigurationPlatforms) = preSolution
		Debug|Any CPU = Debug|Any CPU
		Release|Any CPU = Release|Any CPU
	EndGlobalSection
	GlobalSection(ProjectConfigurationPlatforms) = postSolution
		{D45921CC-9CF7-4A33-9E20-C5DD10C8D7B5}.Debug|Any CPU.ActiveCfg = Debug|Any CPU
		{D45921CC-9CF7-4A33-9E20-C5DD10C8D7B5}.Debug|Any CPU.Build.0 = Debug|Any CPU
		{D45921CC-9CF7-4A33-9E20-C5DD10C8D7B5}.Release|Any CPU.ActiveCfg = Release|Any CPU
		{D45921CC-9CF7-4A33-9E20-C5DD10C8D7B5}.Release|Any CPU.Build.0 = Release|Any CPU
	EndGlobalSection
	GlobalSection(SolutionProperties) = preSolution
		HideSolutionNode = FALSE
	EndGlobalSection
	GlobalSection(ExtensibilityGlobals) = postSolution
		SolutionGuid = {7D2D0435-30BC-439E-BB83-A9708DD8F21E}
	EndGlobalSection
EndGlobal
