
Microsoft Visual Studio Solution File, Format Version 12.00
# Visual Studio Version 17
VisualStudioVersion = 17.6.33829.357
MinimumVisualStudioVersion = 10.0.40219.1
Project("{9A19103F-16F7-4668-BE54-9A1E7A4F7556}") = "SkillProfi.Desktop", "SkillProfi.Desktop.csproj", "{82EDA39B-E00F-479F-8939-1452CB78DB6B}"
EndProject
Global
	GlobalSection(SolutionConfigurationPlatforms) = preSolution
		Debug|Any CPU = Debug|Any CPU
		Release|Any CPU = Release|Any CPU
	EndGlobalSection
	GlobalSection(ProjectConfigurationPlatforms) = postSolution
		{82EDA39B-E00F-479F-8939-1452CB78DB6B}.Debug|Any CPU.ActiveCfg = Debug|Any CPU
		{82EDA39B-E00F-479F-8939-1452CB78DB6B}.Debug|Any CPU.Build.0 = Debug|Any CPU
		{82EDA39B-E00F-479F-8939-1452CB78DB6B}.Release|Any CPU.ActiveCfg = Release|Any CPU
		{82EDA39B-E00F-479F-8939-1452CB78DB6B}.Release|Any CPU.Build.0 = Release|Any CPU
	EndGlobalSection
	GlobalSection(SolutionProperties) = preSolution
		HideSolutionNode = FALSE
	EndGlobalSection
	GlobalSection(ExtensibilityGlobals) = postSolution
		SolutionGuid = {15DF00E8-54F3-486A-ADBD-0C348D62499C}
	EndGlobalSection
EndGlobal
